// !$*UTF8*$!
{
	archiveVersion = 1;
	classes = {
	};
	objectVersion = 51;
	objects = {

/* Begin PBXBuildFile section */
		25A0B3822435BDC90077608C /* BackGroundViewController.swift in Sources */ = {isa = PBXBuildFile; fileRef = 25A0B3802435BDC90077608C /* BackGroundViewController.swift */; };
		25A0B3832435BDC90077608C /* BackGroundViewController.xib in Resources */ = {isa = PBXBuildFile; fileRef = 25A0B3812435BDC90077608C /* BackGroundViewController.xib */; };
		25A0B3872435BFAF0077608C /* GradientCell.swift in Sources */ = {isa = PBXBuildFile; fileRef = 25A0B3852435BFAF0077608C /* GradientCell.swift */; };
		25A0B3882435BFAF0077608C /* GradientCell.xib in Resources */ = {isa = PBXBuildFile; fileRef = 25A0B3862435BFAF0077608C /* GradientCell.xib */; };
		25A0B38A2435C1AA0077608C /* UICollectionView + Extension.swift in Sources */ = {isa = PBXBuildFile; fileRef = 25A0B3892435C1AA0077608C /* UICollectionView + Extension.swift */; };
		2DB35C26C2EABB360A7C7D2D /* libPods-MusicApp.a in Frameworks */ = {isa = PBXBuildFile; fileRef = A215B88DA2FFD872BB7F629D /* libPods-MusicApp.a */; };
		506C5773FDE69134E70EEDA5 /* libPods-MusicApp-MusicAppUITests.a in Frameworks */ = {isa = PBXBuildFile; fileRef = 23CF922CD47A1DF78B949E22 /* libPods-MusicApp-MusicAppUITests.a */; };
		843D4672242F97EF007BE44A /* UIView+Extensions.swift in Sources */ = {isa = PBXBuildFile; fileRef = 843D4671242F97EF007BE44A /* UIView+Extensions.swift */; };
		843D4674242F981D007BE44A /* String+Extensions.swift in Sources */ = {isa = PBXBuildFile; fileRef = 843D4673242F981D007BE44A /* String+Extensions.swift */; };
		843D4676242F983C007BE44A /* UITableView+Extensions.swift in Sources */ = {isa = PBXBuildFile; fileRef = 843D4675242F983C007BE44A /* UITableView+Extensions.swift */; };
		848212B024305A5E0077AC45 /* HomePresenter.swift in Sources */ = {isa = PBXBuildFile; fileRef = 848212AA24305A5E0077AC45 /* HomePresenter.swift */; };
		848212B124305A5E0077AC45 /* HomeRouter.swift in Sources */ = {isa = PBXBuildFile; fileRef = 848212AB24305A5E0077AC45 /* HomeRouter.swift */; };
		848212B224305A5E0077AC45 /* HomeViewController.swift in Sources */ = {isa = PBXBuildFile; fileRef = 848212AC24305A5E0077AC45 /* HomeViewController.swift */; };
		848212B324305A5E0077AC45 /* HomeProtocols.swift in Sources */ = {isa = PBXBuildFile; fileRef = 848212AD24305A5E0077AC45 /* HomeProtocols.swift */; };
		848212B424305A5E0077AC45 /* HomeInteractor.swift in Sources */ = {isa = PBXBuildFile; fileRef = 848212AE24305A5E0077AC45 /* HomeInteractor.swift */; };
		848212B524305A5E0077AC45 /* HomeViewController.xib in Resources */ = {isa = PBXBuildFile; fileRef = 848212AF24305A5E0077AC45 /* HomeViewController.xib */; };
		848212B724305BB20077AC45 /* LanguageHelper.swift in Sources */ = {isa = PBXBuildFile; fileRef = 848212B624305BB20077AC45 /* LanguageHelper.swift */; };
		848212B924305BE60077AC45 /* Bundle+Extention.swift in Sources */ = {isa = PBXBuildFile; fileRef = 848212B824305BE60077AC45 /* Bundle+Extention.swift */; };
		848212BD24305D390077AC45 /* Localizable.strings in Resources */ = {isa = PBXBuildFile; fileRef = 848212BF24305D390077AC45 /* Localizable.strings */; };
		848212C224305D7A0077AC45 /* LocalizableKey.swift in Sources */ = {isa = PBXBuildFile; fileRef = 848212C124305D7A0077AC45 /* LocalizableKey.swift */; };
		848212C52430825F0077AC45 /* Region.json in Resources */ = {isa = PBXBuildFile; fileRef = 848212C42430825F0077AC45 /* Region.json */; };
		848212CA2430849D0077AC45 /* MoreCell.swift in Sources */ = {isa = PBXBuildFile; fileRef = 848212C82430849D0077AC45 /* MoreCell.swift */; };
		848212CB2430849D0077AC45 /* MoreCell.xib in Resources */ = {isa = PBXBuildFile; fileRef = 848212C92430849D0077AC45 /* MoreCell.xib */; };
		848212CF24308A5A0077AC45 /* SettingViewController.swift in Sources */ = {isa = PBXBuildFile; fileRef = 848212CD24308A5A0077AC45 /* SettingViewController.swift */; };
		848212D024308A5A0077AC45 /* SettingViewController.xib in Resources */ = {isa = PBXBuildFile; fileRef = 848212CE24308A5A0077AC45 /* SettingViewController.xib */; };
		848212D224308AF30077AC45 /* Language.json in Resources */ = {isa = PBXBuildFile; fileRef = 848212D124308AF30077AC45 /* Language.json */; };
		848212D9243094A80077AC45 /* SettingCell.swift in Sources */ = {isa = PBXBuildFile; fileRef = 848212D7243094A80077AC45 /* SettingCell.swift */; };
		848212DA243094A80077AC45 /* SettingCell.xib in Resources */ = {isa = PBXBuildFile; fileRef = 848212D8243094A80077AC45 /* SettingCell.xib */; };
		848212DC2430A3110077AC45 /* JsonHelper.swift in Sources */ = {isa = PBXBuildFile; fileRef = 848212DB2430A3110077AC45 /* JsonHelper.swift */; };
		84E5BEAF242725D7004F74FF /* AppConstant.swift in Sources */ = {isa = PBXBuildFile; fileRef = 84E5BEAE242725D7004F74FF /* AppConstant.swift */; };
		84E5BEB224272632004F74FF /* UseDefaultHelper.swift in Sources */ = {isa = PBXBuildFile; fileRef = 84E5BEB124272632004F74FF /* UseDefaultHelper.swift */; };
		84E5BEB724272693004F74FF /* BaseTableViewController.swift in Sources */ = {isa = PBXBuildFile; fileRef = 84E5BEB424272693004F74FF /* BaseTableViewController.swift */; };
		84E5BEB824272693004F74FF /* BaseViewXib.swift in Sources */ = {isa = PBXBuildFile; fileRef = 84E5BEB524272693004F74FF /* BaseViewXib.swift */; };
		84E5BEB924272693004F74FF /* BaseViewController.swift in Sources */ = {isa = PBXBuildFile; fileRef = 84E5BEB624272693004F74FF /* BaseViewController.swift */; };
		84E5BED5242730A0004F74FF /* MainTabbar.swift in Sources */ = {isa = PBXBuildFile; fileRef = 84E5BED4242730A0004F74FF /* MainTabbar.swift */; };
		84E5BEEA24273141004F74FF /* MorePresenter.swift in Sources */ = {isa = PBXBuildFile; fileRef = 84E5BEE424273141004F74FF /* MorePresenter.swift */; };
		84E5BEEB24273141004F74FF /* MoreRouter.swift in Sources */ = {isa = PBXBuildFile; fileRef = 84E5BEE524273141004F74FF /* MoreRouter.swift */; };
		84E5BEEC24273141004F74FF /* MoreViewController.swift in Sources */ = {isa = PBXBuildFile; fileRef = 84E5BEE624273141004F74FF /* MoreViewController.swift */; };
		84E5BEED24273141004F74FF /* MoreProtocols.swift in Sources */ = {isa = PBXBuildFile; fileRef = 84E5BEE724273141004F74FF /* MoreProtocols.swift */; };
		84E5BEEE24273141004F74FF /* MoreInteractor.swift in Sources */ = {isa = PBXBuildFile; fileRef = 84E5BEE824273141004F74FF /* MoreInteractor.swift */; };
		84E5BEEF24273141004F74FF /* MoreViewController.xib in Resources */ = {isa = PBXBuildFile; fileRef = 84E5BEE924273141004F74FF /* MoreViewController.xib */; };
		84E5BEF424275D76004F74FF /* TrendingTbvCell.swift in Sources */ = {isa = PBXBuildFile; fileRef = 84E5BEF224275D76004F74FF /* TrendingTbvCell.swift */; };
		84E5BEF524275D76004F74FF /* TrendingTbvCell.xib in Resources */ = {isa = PBXBuildFile; fileRef = 84E5BEF324275D76004F74FF /* TrendingTbvCell.xib */; };
		84E788BA242C584100D7817D /* AlbumView.swift in Sources */ = {isa = PBXBuildFile; fileRef = 84E788B8242C584100D7817D /* AlbumView.swift */; };
		84E788BB242C584100D7817D /* AlbumView.xib in Resources */ = {isa = PBXBuildFile; fileRef = 84E788B9242C584100D7817D /* AlbumView.xib */; };
		84E788BF242C6CAA00D7817D /* AlbumCell.swift in Sources */ = {isa = PBXBuildFile; fileRef = 84E788BD242C6CAA00D7817D /* AlbumCell.swift */; };
		84E788C0242C6CAA00D7817D /* AlbumCell.xib in Resources */ = {isa = PBXBuildFile; fileRef = 84E788BE242C6CAA00D7817D /* AlbumCell.xib */; };
		84E788C2242C89DD00D7817D /* VideosResponse.swift in Sources */ = {isa = PBXBuildFile; fileRef = 84E788C1242C89DD00D7817D /* VideosResponse.swift */; };
		84E788C4242C89EC00D7817D /* SearchResponse.swift in Sources */ = {isa = PBXBuildFile; fileRef = 84E788C3242C89EC00D7817D /* SearchResponse.swift */; };
		84E788C8242CA3D100D7817D /* SearchCell.swift in Sources */ = {isa = PBXBuildFile; fileRef = 84E788C6242CA3D100D7817D /* SearchCell.swift */; };
		84E788C9242CA3D100D7817D /* SearchCell.xib in Resources */ = {isa = PBXBuildFile; fileRef = 84E788C7242CA3D100D7817D /* SearchCell.xib */; };
		84E788CD242D8FFA00D7817D /* HeaderView.swift in Sources */ = {isa = PBXBuildFile; fileRef = 84E788CC242D8FFA00D7817D /* HeaderView.swift */; };
		84E788CF242D900700D7817D /* HeaderView.xib in Resources */ = {isa = PBXBuildFile; fileRef = 84E788CE242D900700D7817D /* HeaderView.xib */; };
		84FF006224299AE000463A88 /* NetworkRequest.swift in Sources */ = {isa = PBXBuildFile; fileRef = 84FF006124299AE000463A88 /* NetworkRequest.swift */; };
		84FF006624299BB400463A88 /* EndpointType.swift in Sources */ = {isa = PBXBuildFile; fileRef = 84FF006524299BB400463A88 /* EndpointType.swift */; };
		84FF006924299D7E00463A88 /* Provider.swift in Sources */ = {isa = PBXBuildFile; fileRef = 84FF006824299D7E00463A88 /* Provider.swift */; };
		84FF006D24299E9300463A88 /* YoutubeEndpoint.swift in Sources */ = {isa = PBXBuildFile; fileRef = 84FF006C24299E9300463A88 /* YoutubeEndpoint.swift */; };
		84FF00702429A11400463A88 /* Snippet.swift in Sources */ = {isa = PBXBuildFile; fileRef = 84FF006F2429A11400463A88 /* Snippet.swift */; };
		84FF00772429A46000463A88 /* SearchPresenter.swift in Sources */ = {isa = PBXBuildFile; fileRef = 84FF00712429A46000463A88 /* SearchPresenter.swift */; };
		84FF00782429A46000463A88 /* SearchRouter.swift in Sources */ = {isa = PBXBuildFile; fileRef = 84FF00722429A46000463A88 /* SearchRouter.swift */; };
		84FF00792429A46000463A88 /* SearchViewController.swift in Sources */ = {isa = PBXBuildFile; fileRef = 84FF00732429A46000463A88 /* SearchViewController.swift */; };
		84FF007A2429A46000463A88 /* SearchProtocols.swift in Sources */ = {isa = PBXBuildFile; fileRef = 84FF00742429A46000463A88 /* SearchProtocols.swift */; };
		84FF007B2429A46000463A88 /* SearchInteractor.swift in Sources */ = {isa = PBXBuildFile; fileRef = 84FF00752429A46000463A88 /* SearchInteractor.swift */; };
		84FF007C2429A46000463A88 /* SearchViewController.xib in Resources */ = {isa = PBXBuildFile; fileRef = 84FF00762429A46000463A88 /* SearchViewController.xib */; };
		84FF00842429E46600463A88 /* TrendingView.swift in Sources */ = {isa = PBXBuildFile; fileRef = 84FF00822429E46600463A88 /* TrendingView.swift */; };
		84FF00852429E46600463A88 /* TrendingView.xib in Resources */ = {isa = PBXBuildFile; fileRef = 84FF00832429E46600463A88 /* TrendingView.xib */; };
		84FF00872429F15100463A88 /* BaseTableViewCell.swift in Sources */ = {isa = PBXBuildFile; fileRef = 84FF00862429F15100463A88 /* BaseTableViewCell.swift */; };
		84FF009B2429F7A300463A88 /* PlaylistPresenter.swift in Sources */ = {isa = PBXBuildFile; fileRef = 84FF00952429F7A300463A88 /* PlaylistPresenter.swift */; };
		84FF009C2429F7A300463A88 /* PlaylistRouter.swift in Sources */ = {isa = PBXBuildFile; fileRef = 84FF00962429F7A300463A88 /* PlaylistRouter.swift */; };
		84FF009D2429F7A300463A88 /* PlaylistViewController.swift in Sources */ = {isa = PBXBuildFile; fileRef = 84FF00972429F7A300463A88 /* PlaylistViewController.swift */; };
		84FF009E2429F7A300463A88 /* PlaylistProtocols.swift in Sources */ = {isa = PBXBuildFile; fileRef = 84FF00982429F7A300463A88 /* PlaylistProtocols.swift */; };
		84FF009F2429F7A300463A88 /* PlaylistInteractor.swift in Sources */ = {isa = PBXBuildFile; fileRef = 84FF00992429F7A300463A88 /* PlaylistInteractor.swift */; };
		84FF00A02429F7A300463A88 /* PlaylistViewController.xib in Resources */ = {isa = PBXBuildFile; fileRef = 84FF009A2429F7A300463A88 /* PlaylistViewController.xib */; };
		84FF00A3242A147500463A88 /* PlayMusicBar.swift in Sources */ = {isa = PBXBuildFile; fileRef = 84FF00A2242A147500463A88 /* PlayMusicBar.swift */; };
		84FF00A5242A148200463A88 /* PlayMusicBar.xib in Resources */ = {isa = PBXBuildFile; fileRef = 84FF00A4242A148200463A88 /* PlayMusicBar.xib */; };
		8EC2E4665433C4E428EFDAA4 /* libPods-MusicAppTests.a in Frameworks */ = {isa = PBXBuildFile; fileRef = 16029BDE20AE4C80BCFDFCB1 /* libPods-MusicAppTests.a */; };
		DB42B575242716AF00CF1458 /* AppDelegate.swift in Sources */ = {isa = PBXBuildFile; fileRef = DB42B574242716AF00CF1458 /* AppDelegate.swift */; };
		DB42B57E242716B100CF1458 /* Assets.xcassets in Resources */ = {isa = PBXBuildFile; fileRef = DB42B57D242716B100CF1458 /* Assets.xcassets */; };
		DB42B581242716B100CF1458 /* LaunchScreen.storyboard in Resources */ = {isa = PBXBuildFile; fileRef = DB42B57F242716B100CF1458 /* LaunchScreen.storyboard */; };
		DB42B58C242716B100CF1458 /* MusicAppTests.swift in Sources */ = {isa = PBXBuildFile; fileRef = DB42B58B242716B100CF1458 /* MusicAppTests.swift */; };
		DB42B597242716B100CF1458 /* MusicAppUITests.swift in Sources */ = {isa = PBXBuildFile; fileRef = DB42B596242716B100CF1458 /* MusicAppUITests.swift */; };
/* End PBXBuildFile section */

/* Begin PBXContainerItemProxy section */
		DB42B588242716B100CF1458 /* PBXContainerItemProxy */ = {
			isa = PBXContainerItemProxy;
			containerPortal = DB42B569242716AF00CF1458 /* Project object */;
			proxyType = 1;
			remoteGlobalIDString = DB42B570242716AF00CF1458;
			remoteInfo = MusicApp;
		};
		DB42B593242716B100CF1458 /* PBXContainerItemProxy */ = {
			isa = PBXContainerItemProxy;
			containerPortal = DB42B569242716AF00CF1458 /* Project object */;
			proxyType = 1;
			remoteGlobalIDString = DB42B570242716AF00CF1458;
			remoteInfo = MusicApp;
		};
/* End PBXContainerItemProxy section */

/* Begin PBXFileReference section */
		16029BDE20AE4C80BCFDFCB1 /* libPods-MusicAppTests.a */ = {isa = PBXFileReference; explicitFileType = archive.ar; includeInIndex = 0; path = "libPods-MusicAppTests.a"; sourceTree = BUILT_PRODUCTS_DIR; };
		23CF922CD47A1DF78B949E22 /* libPods-MusicApp-MusicAppUITests.a */ = {isa = PBXFileReference; explicitFileType = archive.ar; includeInIndex = 0; path = "libPods-MusicApp-MusicAppUITests.a"; sourceTree = BUILT_PRODUCTS_DIR; };
		25A0B3802435BDC90077608C /* BackGroundViewController.swift */ = {isa = PBXFileReference; lastKnownFileType = sourcecode.swift; path = BackGroundViewController.swift; sourceTree = "<group>"; };
		25A0B3812435BDC90077608C /* BackGroundViewController.xib */ = {isa = PBXFileReference; lastKnownFileType = file.xib; path = BackGroundViewController.xib; sourceTree = "<group>"; };
		25A0B3852435BFAF0077608C /* GradientCell.swift */ = {isa = PBXFileReference; lastKnownFileType = sourcecode.swift; path = GradientCell.swift; sourceTree = "<group>"; };
		25A0B3862435BFAF0077608C /* GradientCell.xib */ = {isa = PBXFileReference; lastKnownFileType = file.xib; path = GradientCell.xib; sourceTree = "<group>"; };
		25A0B3892435C1AA0077608C /* UICollectionView + Extension.swift */ = {isa = PBXFileReference; lastKnownFileType = sourcecode.swift; path = "UICollectionView + Extension.swift"; sourceTree = "<group>"; };
		2A754C4A087DFA220FE797CB /* Pods-MusicApp.release.xcconfig */ = {isa = PBXFileReference; includeInIndex = 1; lastKnownFileType = text.xcconfig; name = "Pods-MusicApp.release.xcconfig"; path = "Target Support Files/Pods-MusicApp/Pods-MusicApp.release.xcconfig"; sourceTree = "<group>"; };
		3003398453C74BCE5B9C7C99 /* Pods-MusicAppTests.debug.xcconfig */ = {isa = PBXFileReference; includeInIndex = 1; lastKnownFileType = text.xcconfig; name = "Pods-MusicAppTests.debug.xcconfig"; path = "Target Support Files/Pods-MusicAppTests/Pods-MusicAppTests.debug.xcconfig"; sourceTree = "<group>"; };
		3EB03189C44DC2D04E47E90C /* Pods-MusicAppTests.release.xcconfig */ = {isa = PBXFileReference; includeInIndex = 1; lastKnownFileType = text.xcconfig; name = "Pods-MusicAppTests.release.xcconfig"; path = "Target Support Files/Pods-MusicAppTests/Pods-MusicAppTests.release.xcconfig"; sourceTree = "<group>"; };
		52485B2F3F1EF012B7B76B2B /* Pods-MusicApp.debug.xcconfig */ = {isa = PBXFileReference; includeInIndex = 1; lastKnownFileType = text.xcconfig; name = "Pods-MusicApp.debug.xcconfig"; path = "Target Support Files/Pods-MusicApp/Pods-MusicApp.debug.xcconfig"; sourceTree = "<group>"; };
		7F8A355B7383DD147371BAAB /* Pods-MusicApp-MusicAppUITests.debug.xcconfig */ = {isa = PBXFileReference; includeInIndex = 1; lastKnownFileType = text.xcconfig; name = "Pods-MusicApp-MusicAppUITests.debug.xcconfig"; path = "Target Support Files/Pods-MusicApp-MusicAppUITests/Pods-MusicApp-MusicAppUITests.debug.xcconfig"; sourceTree = "<group>"; };
		843D4671242F97EF007BE44A /* UIView+Extensions.swift */ = {isa = PBXFileReference; lastKnownFileType = sourcecode.swift; path = "UIView+Extensions.swift"; sourceTree = "<group>"; };
		843D4673242F981D007BE44A /* String+Extensions.swift */ = {isa = PBXFileReference; lastKnownFileType = sourcecode.swift; path = "String+Extensions.swift"; sourceTree = "<group>"; };
		843D4675242F983C007BE44A /* UITableView+Extensions.swift */ = {isa = PBXFileReference; lastKnownFileType = sourcecode.swift; path = "UITableView+Extensions.swift"; sourceTree = "<group>"; };
		848212AA24305A5E0077AC45 /* HomePresenter.swift */ = {isa = PBXFileReference; lastKnownFileType = sourcecode.swift; path = HomePresenter.swift; sourceTree = "<group>"; };
		848212AB24305A5E0077AC45 /* HomeRouter.swift */ = {isa = PBXFileReference; lastKnownFileType = sourcecode.swift; path = HomeRouter.swift; sourceTree = "<group>"; };
		848212AC24305A5E0077AC45 /* HomeViewController.swift */ = {isa = PBXFileReference; lastKnownFileType = sourcecode.swift; path = HomeViewController.swift; sourceTree = "<group>"; };
		848212AD24305A5E0077AC45 /* HomeProtocols.swift */ = {isa = PBXFileReference; lastKnownFileType = sourcecode.swift; path = HomeProtocols.swift; sourceTree = "<group>"; };
		848212AE24305A5E0077AC45 /* HomeInteractor.swift */ = {isa = PBXFileReference; lastKnownFileType = sourcecode.swift; path = HomeInteractor.swift; sourceTree = "<group>"; };
		848212AF24305A5E0077AC45 /* HomeViewController.xib */ = {isa = PBXFileReference; lastKnownFileType = file.xib; path = HomeViewController.xib; sourceTree = "<group>"; };
		848212B624305BB20077AC45 /* LanguageHelper.swift */ = {isa = PBXFileReference; lastKnownFileType = sourcecode.swift; path = LanguageHelper.swift; sourceTree = "<group>"; };
		848212B824305BE60077AC45 /* Bundle+Extention.swift */ = {isa = PBXFileReference; lastKnownFileType = sourcecode.swift; path = "Bundle+Extention.swift"; sourceTree = "<group>"; };
		848212BE24305D390077AC45 /* en */ = {isa = PBXFileReference; lastKnownFileType = text.plist.strings; name = en; path = en.lproj/Localizable.strings; sourceTree = "<group>"; };
		848212C024305D5B0077AC45 /* vi */ = {isa = PBXFileReference; lastKnownFileType = text.plist.strings; name = vi; path = vi.lproj/Localizable.strings; sourceTree = "<group>"; };
		848212C124305D7A0077AC45 /* LocalizableKey.swift */ = {isa = PBXFileReference; lastKnownFileType = sourcecode.swift; path = LocalizableKey.swift; sourceTree = "<group>"; };
		848212C42430825F0077AC45 /* Region.json */ = {isa = PBXFileReference; lastKnownFileType = text.json; path = Region.json; sourceTree = "<group>"; };
		848212C82430849D0077AC45 /* MoreCell.swift */ = {isa = PBXFileReference; lastKnownFileType = sourcecode.swift; path = MoreCell.swift; sourceTree = "<group>"; };
		848212C92430849D0077AC45 /* MoreCell.xib */ = {isa = PBXFileReference; lastKnownFileType = file.xib; path = MoreCell.xib; sourceTree = "<group>"; };
		848212CD24308A5A0077AC45 /* SettingViewController.swift */ = {isa = PBXFileReference; lastKnownFileType = sourcecode.swift; path = SettingViewController.swift; sourceTree = "<group>"; };
		848212CE24308A5A0077AC45 /* SettingViewController.xib */ = {isa = PBXFileReference; lastKnownFileType = file.xib; path = SettingViewController.xib; sourceTree = "<group>"; };
		848212D124308AF30077AC45 /* Language.json */ = {isa = PBXFileReference; lastKnownFileType = text.json; path = Language.json; sourceTree = "<group>"; };
		848212D7243094A80077AC45 /* SettingCell.swift */ = {isa = PBXFileReference; lastKnownFileType = sourcecode.swift; path = SettingCell.swift; sourceTree = "<group>"; };
		848212D8243094A80077AC45 /* SettingCell.xib */ = {isa = PBXFileReference; lastKnownFileType = file.xib; path = SettingCell.xib; sourceTree = "<group>"; };
		848212DB2430A3110077AC45 /* JsonHelper.swift */ = {isa = PBXFileReference; lastKnownFileType = sourcecode.swift; path = JsonHelper.swift; sourceTree = "<group>"; };
		84E5BEAE242725D7004F74FF /* AppConstant.swift */ = {isa = PBXFileReference; fileEncoding = 4; lastKnownFileType = sourcecode.swift; path = AppConstant.swift; sourceTree = "<group>"; };
		84E5BEB124272632004F74FF /* UseDefaultHelper.swift */ = {isa = PBXFileReference; lastKnownFileType = sourcecode.swift; path = UseDefaultHelper.swift; sourceTree = "<group>"; };
		84E5BEB424272693004F74FF /* BaseTableViewController.swift */ = {isa = PBXFileReference; fileEncoding = 4; lastKnownFileType = sourcecode.swift; path = BaseTableViewController.swift; sourceTree = "<group>"; };
		84E5BEB524272693004F74FF /* BaseViewXib.swift */ = {isa = PBXFileReference; fileEncoding = 4; lastKnownFileType = sourcecode.swift; path = BaseViewXib.swift; sourceTree = "<group>"; };
		84E5BEB624272693004F74FF /* BaseViewController.swift */ = {isa = PBXFileReference; fileEncoding = 4; lastKnownFileType = sourcecode.swift; path = BaseViewController.swift; sourceTree = "<group>"; };
		84E5BED4242730A0004F74FF /* MainTabbar.swift */ = {isa = PBXFileReference; lastKnownFileType = sourcecode.swift; path = MainTabbar.swift; sourceTree = "<group>"; };
		84E5BEE424273141004F74FF /* MorePresenter.swift */ = {isa = PBXFileReference; lastKnownFileType = sourcecode.swift; path = MorePresenter.swift; sourceTree = "<group>"; };
		84E5BEE524273141004F74FF /* MoreRouter.swift */ = {isa = PBXFileReference; lastKnownFileType = sourcecode.swift; path = MoreRouter.swift; sourceTree = "<group>"; };
		84E5BEE624273141004F74FF /* MoreViewController.swift */ = {isa = PBXFileReference; lastKnownFileType = sourcecode.swift; path = MoreViewController.swift; sourceTree = "<group>"; };
		84E5BEE724273141004F74FF /* MoreProtocols.swift */ = {isa = PBXFileReference; lastKnownFileType = sourcecode.swift; path = MoreProtocols.swift; sourceTree = "<group>"; };
		84E5BEE824273141004F74FF /* MoreInteractor.swift */ = {isa = PBXFileReference; lastKnownFileType = sourcecode.swift; path = MoreInteractor.swift; sourceTree = "<group>"; };
		84E5BEE924273141004F74FF /* MoreViewController.xib */ = {isa = PBXFileReference; lastKnownFileType = file.xib; path = MoreViewController.xib; sourceTree = "<group>"; };
		84E5BEF224275D76004F74FF /* TrendingTbvCell.swift */ = {isa = PBXFileReference; lastKnownFileType = sourcecode.swift; path = TrendingTbvCell.swift; sourceTree = "<group>"; };
		84E5BEF324275D76004F74FF /* TrendingTbvCell.xib */ = {isa = PBXFileReference; lastKnownFileType = file.xib; path = TrendingTbvCell.xib; sourceTree = "<group>"; };
		84E788B8242C584100D7817D /* AlbumView.swift */ = {isa = PBXFileReference; lastKnownFileType = sourcecode.swift; path = AlbumView.swift; sourceTree = "<group>"; };
		84E788B9242C584100D7817D /* AlbumView.xib */ = {isa = PBXFileReference; lastKnownFileType = file.xib; path = AlbumView.xib; sourceTree = "<group>"; };
		84E788BD242C6CAA00D7817D /* AlbumCell.swift */ = {isa = PBXFileReference; lastKnownFileType = sourcecode.swift; path = AlbumCell.swift; sourceTree = "<group>"; };
		84E788BE242C6CAA00D7817D /* AlbumCell.xib */ = {isa = PBXFileReference; lastKnownFileType = file.xib; path = AlbumCell.xib; sourceTree = "<group>"; };
		84E788C1242C89DD00D7817D /* VideosResponse.swift */ = {isa = PBXFileReference; lastKnownFileType = sourcecode.swift; path = VideosResponse.swift; sourceTree = "<group>"; };
		84E788C3242C89EC00D7817D /* SearchResponse.swift */ = {isa = PBXFileReference; lastKnownFileType = sourcecode.swift; path = SearchResponse.swift; sourceTree = "<group>"; };
		84E788C6242CA3D100D7817D /* SearchCell.swift */ = {isa = PBXFileReference; lastKnownFileType = sourcecode.swift; path = SearchCell.swift; sourceTree = "<group>"; };
		84E788C7242CA3D100D7817D /* SearchCell.xib */ = {isa = PBXFileReference; lastKnownFileType = file.xib; path = SearchCell.xib; sourceTree = "<group>"; };
		84E788CC242D8FFA00D7817D /* HeaderView.swift */ = {isa = PBXFileReference; lastKnownFileType = sourcecode.swift; path = HeaderView.swift; sourceTree = "<group>"; };
		84E788CE242D900700D7817D /* HeaderView.xib */ = {isa = PBXFileReference; lastKnownFileType = file.xib; path = HeaderView.xib; sourceTree = "<group>"; };
		84FF006124299AE000463A88 /* NetworkRequest.swift */ = {isa = PBXFileReference; lastKnownFileType = sourcecode.swift; path = NetworkRequest.swift; sourceTree = "<group>"; };
		84FF006524299BB400463A88 /* EndpointType.swift */ = {isa = PBXFileReference; lastKnownFileType = sourcecode.swift; path = EndpointType.swift; sourceTree = "<group>"; };
		84FF006824299D7E00463A88 /* Provider.swift */ = {isa = PBXFileReference; lastKnownFileType = sourcecode.swift; path = Provider.swift; sourceTree = "<group>"; };
		84FF006C24299E9300463A88 /* YoutubeEndpoint.swift */ = {isa = PBXFileReference; lastKnownFileType = sourcecode.swift; path = YoutubeEndpoint.swift; sourceTree = "<group>"; };
		84FF006F2429A11400463A88 /* Snippet.swift */ = {isa = PBXFileReference; lastKnownFileType = sourcecode.swift; path = Snippet.swift; sourceTree = "<group>"; };
		84FF00712429A46000463A88 /* SearchPresenter.swift */ = {isa = PBXFileReference; lastKnownFileType = sourcecode.swift; path = SearchPresenter.swift; sourceTree = "<group>"; };
		84FF00722429A46000463A88 /* SearchRouter.swift */ = {isa = PBXFileReference; lastKnownFileType = sourcecode.swift; path = SearchRouter.swift; sourceTree = "<group>"; };
		84FF00732429A46000463A88 /* SearchViewController.swift */ = {isa = PBXFileReference; lastKnownFileType = sourcecode.swift; path = SearchViewController.swift; sourceTree = "<group>"; };
		84FF00742429A46000463A88 /* SearchProtocols.swift */ = {isa = PBXFileReference; lastKnownFileType = sourcecode.swift; path = SearchProtocols.swift; sourceTree = "<group>"; };
		84FF00752429A46000463A88 /* SearchInteractor.swift */ = {isa = PBXFileReference; lastKnownFileType = sourcecode.swift; path = SearchInteractor.swift; sourceTree = "<group>"; };
		84FF00762429A46000463A88 /* SearchViewController.xib */ = {isa = PBXFileReference; lastKnownFileType = file.xib; path = SearchViewController.xib; sourceTree = "<group>"; };
		84FF00822429E46600463A88 /* TrendingView.swift */ = {isa = PBXFileReference; lastKnownFileType = sourcecode.swift; path = TrendingView.swift; sourceTree = "<group>"; };
		84FF00832429E46600463A88 /* TrendingView.xib */ = {isa = PBXFileReference; lastKnownFileType = file.xib; path = TrendingView.xib; sourceTree = "<group>"; };
		84FF00862429F15100463A88 /* BaseTableViewCell.swift */ = {isa = PBXFileReference; lastKnownFileType = sourcecode.swift; path = BaseTableViewCell.swift; sourceTree = "<group>"; };
		84FF00952429F7A300463A88 /* PlaylistPresenter.swift */ = {isa = PBXFileReference; lastKnownFileType = sourcecode.swift; path = PlaylistPresenter.swift; sourceTree = "<group>"; };
		84FF00962429F7A300463A88 /* PlaylistRouter.swift */ = {isa = PBXFileReference; lastKnownFileType = sourcecode.swift; path = PlaylistRouter.swift; sourceTree = "<group>"; };
		84FF00972429F7A300463A88 /* PlaylistViewController.swift */ = {isa = PBXFileReference; lastKnownFileType = sourcecode.swift; path = PlaylistViewController.swift; sourceTree = "<group>"; };
		84FF00982429F7A300463A88 /* PlaylistProtocols.swift */ = {isa = PBXFileReference; lastKnownFileType = sourcecode.swift; path = PlaylistProtocols.swift; sourceTree = "<group>"; };
		84FF00992429F7A300463A88 /* PlaylistInteractor.swift */ = {isa = PBXFileReference; lastKnownFileType = sourcecode.swift; path = PlaylistInteractor.swift; sourceTree = "<group>"; };
		84FF009A2429F7A300463A88 /* PlaylistViewController.xib */ = {isa = PBXFileReference; lastKnownFileType = file.xib; path = PlaylistViewController.xib; sourceTree = "<group>"; };
		84FF00A2242A147500463A88 /* PlayMusicBar.swift */ = {isa = PBXFileReference; lastKnownFileType = sourcecode.swift; path = PlayMusicBar.swift; sourceTree = "<group>"; };
		84FF00A4242A148200463A88 /* PlayMusicBar.xib */ = {isa = PBXFileReference; lastKnownFileType = file.xib; path = PlayMusicBar.xib; sourceTree = "<group>"; };
		A215B88DA2FFD872BB7F629D /* libPods-MusicApp.a */ = {isa = PBXFileReference; explicitFileType = archive.ar; includeInIndex = 0; path = "libPods-MusicApp.a"; sourceTree = BUILT_PRODUCTS_DIR; };
		D4333235D8BC4AFE48A5D099 /* Pods-MusicApp-MusicAppUITests.release.xcconfig */ = {isa = PBXFileReference; includeInIndex = 1; lastKnownFileType = text.xcconfig; name = "Pods-MusicApp-MusicAppUITests.release.xcconfig"; path = "Target Support Files/Pods-MusicApp-MusicAppUITests/Pods-MusicApp-MusicAppUITests.release.xcconfig"; sourceTree = "<group>"; };
		DB42B571242716AF00CF1458 /* MusicApp.app */ = {isa = PBXFileReference; explicitFileType = wrapper.application; includeInIndex = 0; path = MusicApp.app; sourceTree = BUILT_PRODUCTS_DIR; };
		DB42B574242716AF00CF1458 /* AppDelegate.swift */ = {isa = PBXFileReference; lastKnownFileType = sourcecode.swift; path = AppDelegate.swift; sourceTree = "<group>"; };
		DB42B57D242716B100CF1458 /* Assets.xcassets */ = {isa = PBXFileReference; lastKnownFileType = folder.assetcatalog; path = Assets.xcassets; sourceTree = "<group>"; };
		DB42B580242716B100CF1458 /* Base */ = {isa = PBXFileReference; lastKnownFileType = file.storyboard; name = Base; path = Base.lproj/LaunchScreen.storyboard; sourceTree = "<group>"; };
		DB42B582242716B100CF1458 /* Info.plist */ = {isa = PBXFileReference; lastKnownFileType = text.plist.xml; path = Info.plist; sourceTree = "<group>"; };
		DB42B587242716B100CF1458 /* MusicAppTests.xctest */ = {isa = PBXFileReference; explicitFileType = wrapper.cfbundle; includeInIndex = 0; path = MusicAppTests.xctest; sourceTree = BUILT_PRODUCTS_DIR; };
		DB42B58B242716B100CF1458 /* MusicAppTests.swift */ = {isa = PBXFileReference; lastKnownFileType = sourcecode.swift; path = MusicAppTests.swift; sourceTree = "<group>"; };
		DB42B58D242716B100CF1458 /* Info.plist */ = {isa = PBXFileReference; lastKnownFileType = text.plist.xml; path = Info.plist; sourceTree = "<group>"; };
		DB42B592242716B100CF1458 /* MusicAppUITests.xctest */ = {isa = PBXFileReference; explicitFileType = wrapper.cfbundle; includeInIndex = 0; path = MusicAppUITests.xctest; sourceTree = BUILT_PRODUCTS_DIR; };
		DB42B596242716B100CF1458 /* MusicAppUITests.swift */ = {isa = PBXFileReference; lastKnownFileType = sourcecode.swift; path = MusicAppUITests.swift; sourceTree = "<group>"; };
		DB42B598242716B100CF1458 /* Info.plist */ = {isa = PBXFileReference; lastKnownFileType = text.plist.xml; path = Info.plist; sourceTree = "<group>"; };
/* End PBXFileReference section */

/* Begin PBXFrameworksBuildPhase section */
		DB42B56E242716AF00CF1458 /* Frameworks */ = {
			isa = PBXFrameworksBuildPhase;
			buildActionMask = 2147483647;
			files = (
				2DB35C26C2EABB360A7C7D2D /* libPods-MusicApp.a in Frameworks */,
			);
			runOnlyForDeploymentPostprocessing = 0;
		};
		DB42B584242716B100CF1458 /* Frameworks */ = {
			isa = PBXFrameworksBuildPhase;
			buildActionMask = 2147483647;
			files = (
				8EC2E4665433C4E428EFDAA4 /* libPods-MusicAppTests.a in Frameworks */,
			);
			runOnlyForDeploymentPostprocessing = 0;
		};
		DB42B58F242716B100CF1458 /* Frameworks */ = {
			isa = PBXFrameworksBuildPhase;
			buildActionMask = 2147483647;
			files = (
				506C5773FDE69134E70EEDA5 /* libPods-MusicApp-MusicAppUITests.a in Frameworks */,
			);
			runOnlyForDeploymentPostprocessing = 0;
		};
/* End PBXFrameworksBuildPhase section */

/* Begin PBXGroup section */
		0F4A08C5BE1FAF31FEA92B25 /* Frameworks */ = {
			isa = PBXGroup;
			children = (
				A215B88DA2FFD872BB7F629D /* libPods-MusicApp.a */,
				23CF922CD47A1DF78B949E22 /* libPods-MusicApp-MusicAppUITests.a */,
				16029BDE20AE4C80BCFDFCB1 /* libPods-MusicAppTests.a */,
			);
			name = Frameworks;
			sourceTree = "<group>";
		};
		25A0B37B2435B7BC0077608C /* BackGround */ = {
			isa = PBXGroup;
			children = (
				25A0B3842435BF950077608C /* Cell */,
				25A0B3802435BDC90077608C /* BackGroundViewController.swift */,
				25A0B3812435BDC90077608C /* BackGroundViewController.xib */,
			);
			path = BackGround;
			sourceTree = "<group>";
		};
		25A0B3842435BF950077608C /* Cell */ = {
			isa = PBXGroup;
			children = (
				25A0B3852435BFAF0077608C /* GradientCell.swift */,
				25A0B3862435BFAF0077608C /* GradientCell.xib */,
			);
			path = Cell;
			sourceTree = "<group>";
		};
		843D4670242F97D7007BE44A /* Extension */ = {
			isa = PBXGroup;
			children = (
				843D4671242F97EF007BE44A /* UIView+Extensions.swift */,
				843D4673242F981D007BE44A /* String+Extensions.swift */,
				843D4675242F983C007BE44A /* UITableView+Extensions.swift */,
				848212B824305BE60077AC45 /* Bundle+Extention.swift */,
				25A0B3892435C1AA0077608C /* UICollectionView + Extension.swift */,
			);
			path = Extension;
			sourceTree = "<group>";
		};
		848212BA24305CF80077AC45 /* Localizable */ = {
			isa = PBXGroup;
			children = (
				848212BF24305D390077AC45 /* Localizable.strings */,
				848212C124305D7A0077AC45 /* LocalizableKey.swift */,
			);
			path = Localizable;
			sourceTree = "<group>";
		};
		848212C3243082400077AC45 /* json */ = {
			isa = PBXGroup;
			children = (
				848212C42430825F0077AC45 /* Region.json */,
				848212D124308AF30077AC45 /* Language.json */,
			);
			path = json;
			sourceTree = "<group>";
		};
		848212C62430847F0077AC45 /* Cell */ = {
			isa = PBXGroup;
			children = (
				848212C7243084850077AC45 /* MoreCell */,
			);
			path = Cell;
			sourceTree = "<group>";
		};
		848212C7243084850077AC45 /* MoreCell */ = {
			isa = PBXGroup;
			children = (
				848212C82430849D0077AC45 /* MoreCell.swift */,
				848212C92430849D0077AC45 /* MoreCell.xib */,
			);
			path = MoreCell;
			sourceTree = "<group>";
		};
		848212CC24308A270077AC45 /* Setting */ = {
			isa = PBXGroup;
			children = (
				848212D52430948D0077AC45 /* Cell */,
				848212CD24308A5A0077AC45 /* SettingViewController.swift */,
				848212CE24308A5A0077AC45 /* SettingViewController.xib */,
			);
			path = Setting;
			sourceTree = "<group>";
		};
		848212D52430948D0077AC45 /* Cell */ = {
			isa = PBXGroup;
			children = (
				848212D6243094910077AC45 /* SettingCell */,
			);
			path = Cell;
			sourceTree = "<group>";
		};
		848212D6243094910077AC45 /* SettingCell */ = {
			isa = PBXGroup;
			children = (
				848212D7243094A80077AC45 /* SettingCell.swift */,
				848212D8243094A80077AC45 /* SettingCell.xib */,
			);
			path = SettingCell;
			sourceTree = "<group>";
		};
		84A618EF2432E83B002DF921 /* PlayMuicsBar */ = {
			isa = PBXGroup;
			children = (
				84FF00A2242A147500463A88 /* PlayMusicBar.swift */,
				84FF00A4242A148200463A88 /* PlayMusicBar.xib */,
			);
			path = PlayMuicsBar;
			sourceTree = "<group>";
		};
		84E5BEA5242725B8004F74FF /* Components */ = {
			isa = PBXGroup;
			children = (
				848212C3243082400077AC45 /* json */,
				843D4670242F97D7007BE44A /* Extension */,
				84FF00A1242A12F500463A88 /* CustomView */,
				84E5BEB324272677004F74FF /* Base */,
				84E5BEB02427261D004F74FF /* Helper */,
				84E5BEAD242725D7004F74FF /* Constants */,
			);
			path = Components;
			sourceTree = "<group>";
		};
		84E5BEAD242725D7004F74FF /* Constants */ = {
			isa = PBXGroup;
			children = (
				84E5BEAE242725D7004F74FF /* AppConstant.swift */,
			);
			path = Constants;
			sourceTree = "<group>";
		};
		84E5BEB02427261D004F74FF /* Helper */ = {
			isa = PBXGroup;
			children = (
				84E5BEB124272632004F74FF /* UseDefaultHelper.swift */,
				848212B624305BB20077AC45 /* LanguageHelper.swift */,
				848212DB2430A3110077AC45 /* JsonHelper.swift */,
			);
			path = Helper;
			sourceTree = "<group>";
		};
		84E5BEB324272677004F74FF /* Base */ = {
			isa = PBXGroup;
			children = (
				84E5BEB524272693004F74FF /* BaseViewXib.swift */,
				84E5BEB624272693004F74FF /* BaseViewController.swift */,
				84E5BEB424272693004F74FF /* BaseTableViewController.swift */,
				84E5BED4242730A0004F74FF /* MainTabbar.swift */,
				84FF00862429F15100463A88 /* BaseTableViewCell.swift */,
			);
			path = Base;
			sourceTree = "<group>";
		};
		84E5BEBA24272A40004F74FF /* Module */ = {
			isa = PBXGroup;
			children = (
				25A0B37B2435B7BC0077608C /* BackGround */,
				848212CC24308A270077AC45 /* Setting */,
				84FF00942429F73F00463A88 /* Playlist */,
				84E5BEE32427312B004F74FF /* More */,
				84E5BED624273110004F74FF /* Search */,
				84E5BEC724272E66004F74FF /* Home */,
			);
			path = Module;
			sourceTree = "<group>";
		};
		84E5BEC724272E66004F74FF /* Home */ = {
			isa = PBXGroup;
			children = (
				848212AA24305A5E0077AC45 /* HomePresenter.swift */,
				848212AB24305A5E0077AC45 /* HomeRouter.swift */,
				848212AC24305A5E0077AC45 /* HomeViewController.swift */,
				848212AD24305A5E0077AC45 /* HomeProtocols.swift */,
				848212AE24305A5E0077AC45 /* HomeInteractor.swift */,
				848212AF24305A5E0077AC45 /* HomeViewController.xib */,
			);
			path = Home;
			sourceTree = "<group>";
		};
		84E5BED624273110004F74FF /* Search */ = {
			isa = PBXGroup;
			children = (
				84E5BEF024275D46004F74FF /* Cell */,
				84FF00712429A46000463A88 /* SearchPresenter.swift */,
				84FF00722429A46000463A88 /* SearchRouter.swift */,
				84FF00742429A46000463A88 /* SearchProtocols.swift */,
				84FF00752429A46000463A88 /* SearchInteractor.swift */,
				84FF00732429A46000463A88 /* SearchViewController.swift */,
				84FF00762429A46000463A88 /* SearchViewController.xib */,
			);
			path = Search;
			sourceTree = "<group>";
		};
		84E5BEE32427312B004F74FF /* More */ = {
			isa = PBXGroup;
			children = (
				848212C62430847F0077AC45 /* Cell */,
				84E5BEE424273141004F74FF /* MorePresenter.swift */,
				84E5BEE524273141004F74FF /* MoreRouter.swift */,
				84E5BEE624273141004F74FF /* MoreViewController.swift */,
				84E5BEE724273141004F74FF /* MoreProtocols.swift */,
				84E5BEE824273141004F74FF /* MoreInteractor.swift */,
				84E5BEE924273141004F74FF /* MoreViewController.xib */,
			);
			path = More;
			sourceTree = "<group>";
		};
		84E5BEF024275D46004F74FF /* Cell */ = {
			isa = PBXGroup;
			children = (
				84E788C5242C945600D7817D /* SearchCell */,
				84E788B7242C582700D7817D /* AlbumView */,
				84FF007F2429E3A600463A88 /* TrendingView */,
			);
			path = Cell;
			sourceTree = "<group>";
		};
		84E5BEF124275D50004F74FF /* TrendingCell */ = {
			isa = PBXGroup;
			children = (
				84E5BEF224275D76004F74FF /* TrendingTbvCell.swift */,
				84E5BEF324275D76004F74FF /* TrendingTbvCell.xib */,
			);
			path = TrendingCell;
			sourceTree = "<group>";
		};
		84E788B7242C582700D7817D /* AlbumView */ = {
			isa = PBXGroup;
			children = (
				84E788BC242C6C8000D7817D /* AlbumCell */,
				84E788B8242C584100D7817D /* AlbumView.swift */,
				84E788B9242C584100D7817D /* AlbumView.xib */,
			);
			path = AlbumView;
			sourceTree = "<group>";
		};
		84E788BC242C6C8000D7817D /* AlbumCell */ = {
			isa = PBXGroup;
			children = (
				84E788BD242C6CAA00D7817D /* AlbumCell.swift */,
				84E788BE242C6CAA00D7817D /* AlbumCell.xib */,
			);
			path = AlbumCell;
			sourceTree = "<group>";
		};
		84E788C5242C945600D7817D /* SearchCell */ = {
			isa = PBXGroup;
			children = (
				84E788C6242CA3D100D7817D /* SearchCell.swift */,
				84E788C7242CA3D100D7817D /* SearchCell.xib */,
			);
			path = SearchCell;
			sourceTree = "<group>";
		};
		84E788CA242D8F9300D7817D /* Cell */ = {
			isa = PBXGroup;
			children = (
				84E788CB242D8FA800D7817D /* HeaderView */,
			);
			path = Cell;
			sourceTree = "<group>";
		};
		84E788CB242D8FA800D7817D /* HeaderView */ = {
			isa = PBXGroup;
			children = (
				84E788CC242D8FFA00D7817D /* HeaderView.swift */,
				84E788CE242D900700D7817D /* HeaderView.xib */,
			);
			path = HeaderView;
			sourceTree = "<group>";
		};
		84FF005F2429992F00463A88 /* Services */ = {
			isa = PBXGroup;
			children = (
				84FF006724299D6C00463A88 /* ApiServices */,
				84FF006324299B6E00463A88 /* Endpoint */,
				84FF006024299AC400463A88 /* Network */,
			);
			path = Services;
			sourceTree = "<group>";
		};
		84FF006024299AC400463A88 /* Network */ = {
			isa = PBXGroup;
			children = (
				84FF006124299AE000463A88 /* NetworkRequest.swift */,
			);
			path = Network;
			sourceTree = "<group>";
		};
		84FF006324299B6E00463A88 /* Endpoint */ = {
			isa = PBXGroup;
			children = (
				84FF006424299BA700463A88 /* Base */,
				84FF006C24299E9300463A88 /* YoutubeEndpoint.swift */,
			);
			path = Endpoint;
			sourceTree = "<group>";
		};
		84FF006424299BA700463A88 /* Base */ = {
			isa = PBXGroup;
			children = (
				84FF006524299BB400463A88 /* EndpointType.swift */,
			);
			path = Base;
			sourceTree = "<group>";
		};
		84FF006724299D6C00463A88 /* ApiServices */ = {
			isa = PBXGroup;
			children = (
				84FF006824299D7E00463A88 /* Provider.swift */,
			);
			path = ApiServices;
			sourceTree = "<group>";
		};
		84FF006E2429A06700463A88 /* Model */ = {
			isa = PBXGroup;
			children = (
				84FF006F2429A11400463A88 /* Snippet.swift */,
				84E788C1242C89DD00D7817D /* VideosResponse.swift */,
				84E788C3242C89EC00D7817D /* SearchResponse.swift */,
			);
			path = Model;
			sourceTree = "<group>";
		};
		84FF007F2429E3A600463A88 /* TrendingView */ = {
			isa = PBXGroup;
			children = (
				84E5BEF124275D50004F74FF /* TrendingCell */,
				84FF00822429E46600463A88 /* TrendingView.swift */,
				84FF00832429E46600463A88 /* TrendingView.xib */,
			);
			path = TrendingView;
			sourceTree = "<group>";
		};
		84FF00942429F73F00463A88 /* Playlist */ = {
			isa = PBXGroup;
			children = (
				84E788CA242D8F9300D7817D /* Cell */,
				84FF00952429F7A300463A88 /* PlaylistPresenter.swift */,
				84FF00962429F7A300463A88 /* PlaylistRouter.swift */,
				84FF00972429F7A300463A88 /* PlaylistViewController.swift */,
				84FF00982429F7A300463A88 /* PlaylistProtocols.swift */,
				84FF00992429F7A300463A88 /* PlaylistInteractor.swift */,
				84FF009A2429F7A300463A88 /* PlaylistViewController.xib */,
			);
			path = Playlist;
			sourceTree = "<group>";
		};
		84FF00A1242A12F500463A88 /* CustomView */ = {
			isa = PBXGroup;
			children = (
				84A618EF2432E83B002DF921 /* PlayMuicsBar */,
			);
			path = CustomView;
			sourceTree = "<group>";
		};
		8B3C457E304FDD0498D85C28 /* Pods */ = {
			isa = PBXGroup;
			children = (
				52485B2F3F1EF012B7B76B2B /* Pods-MusicApp.debug.xcconfig */,
				2A754C4A087DFA220FE797CB /* Pods-MusicApp.release.xcconfig */,
				7F8A355B7383DD147371BAAB /* Pods-MusicApp-MusicAppUITests.debug.xcconfig */,
				D4333235D8BC4AFE48A5D099 /* Pods-MusicApp-MusicAppUITests.release.xcconfig */,
				3003398453C74BCE5B9C7C99 /* Pods-MusicAppTests.debug.xcconfig */,
				3EB03189C44DC2D04E47E90C /* Pods-MusicAppTests.release.xcconfig */,
			);
			path = Pods;
			sourceTree = "<group>";
		};
		DB42B568242716AF00CF1458 = {
			isa = PBXGroup;
			children = (
				DB42B573242716AF00CF1458 /* MusicApp */,
				DB42B58A242716B100CF1458 /* MusicAppTests */,
				DB42B595242716B100CF1458 /* MusicAppUITests */,
				DB42B572242716AF00CF1458 /* Products */,
				8B3C457E304FDD0498D85C28 /* Pods */,
				0F4A08C5BE1FAF31FEA92B25 /* Frameworks */,
			);
			sourceTree = "<group>";
		};
		DB42B572242716AF00CF1458 /* Products */ = {
			isa = PBXGroup;
			children = (
				DB42B571242716AF00CF1458 /* MusicApp.app */,
				DB42B587242716B100CF1458 /* MusicAppTests.xctest */,
				DB42B592242716B100CF1458 /* MusicAppUITests.xctest */,
			);
			name = Products;
			sourceTree = "<group>";
		};
		DB42B573242716AF00CF1458 /* MusicApp */ = {
			isa = PBXGroup;
			children = (
				DB42B574242716AF00CF1458 /* AppDelegate.swift */,
				84FF006E2429A06700463A88 /* Model */,
				84FF005F2429992F00463A88 /* Services */,
				84E5BEA5242725B8004F74FF /* Components */,
				84E5BEBA24272A40004F74FF /* Module */,
				848212BA24305CF80077AC45 /* Localizable */,
				DB42B57D242716B100CF1458 /* Assets.xcassets */,
				DB42B57F242716B100CF1458 /* LaunchScreen.storyboard */,
				DB42B582242716B100CF1458 /* Info.plist */,
			);
			path = MusicApp;
			sourceTree = "<group>";
		};
		DB42B58A242716B100CF1458 /* MusicAppTests */ = {
			isa = PBXGroup;
			children = (
				DB42B58B242716B100CF1458 /* MusicAppTests.swift */,
				DB42B58D242716B100CF1458 /* Info.plist */,
			);
			path = MusicAppTests;
			sourceTree = "<group>";
		};
		DB42B595242716B100CF1458 /* MusicAppUITests */ = {
			isa = PBXGroup;
			children = (
				DB42B596242716B100CF1458 /* MusicAppUITests.swift */,
				DB42B598242716B100CF1458 /* Info.plist */,
			);
			path = MusicAppUITests;
			sourceTree = "<group>";
		};
/* End PBXGroup section */

/* Begin PBXNativeTarget section */
		DB42B570242716AF00CF1458 /* MusicApp */ = {
			isa = PBXNativeTarget;
			buildConfigurationList = DB42B59B242716B100CF1458 /* Build configuration list for PBXNativeTarget "MusicApp" */;
			buildPhases = (
				8520DD51784BB138BC2F3F5A /* [CP] Check Pods Manifest.lock */,
				DB42B56D242716AF00CF1458 /* Sources */,
				DB42B56E242716AF00CF1458 /* Frameworks */,
				DB42B56F242716AF00CF1458 /* Resources */,
				34AC20EFAE2E99910BBEA998 /* [CP] Copy Pods Resources */,
			);
			buildRules = (
			);
			dependencies = (
			);
			name = MusicApp;
			productName = MusicApp;
			productReference = DB42B571242716AF00CF1458 /* MusicApp.app */;
			productType = "com.apple.product-type.application";
		};
		DB42B586242716B100CF1458 /* MusicAppTests */ = {
			isa = PBXNativeTarget;
			buildConfigurationList = DB42B59E242716B100CF1458 /* Build configuration list for PBXNativeTarget "MusicAppTests" */;
			buildPhases = (
				A9A87F1F9D3366BEEABCB7FE /* [CP] Check Pods Manifest.lock */,
				DB42B583242716B100CF1458 /* Sources */,
				DB42B584242716B100CF1458 /* Frameworks */,
				DB42B585242716B100CF1458 /* Resources */,
			);
			buildRules = (
			);
			dependencies = (
				DB42B589242716B100CF1458 /* PBXTargetDependency */,
			);
			name = MusicAppTests;
			productName = MusicAppTests;
			productReference = DB42B587242716B100CF1458 /* MusicAppTests.xctest */;
			productType = "com.apple.product-type.bundle.unit-test";
		};
		DB42B591242716B100CF1458 /* MusicAppUITests */ = {
			isa = PBXNativeTarget;
			buildConfigurationList = DB42B5A1242716B100CF1458 /* Build configuration list for PBXNativeTarget "MusicAppUITests" */;
			buildPhases = (
				F93E694F37E78CC32C0B6C20 /* [CP] Check Pods Manifest.lock */,
				DB42B58E242716B100CF1458 /* Sources */,
				DB42B58F242716B100CF1458 /* Frameworks */,
				DB42B590242716B100CF1458 /* Resources */,
				DC27D5C1E1A65EA098550826 /* [CP] Copy Pods Resources */,
			);
			buildRules = (
			);
			dependencies = (
				DB42B594242716B100CF1458 /* PBXTargetDependency */,
			);
			name = MusicAppUITests;
			productName = MusicAppUITests;
			productReference = DB42B592242716B100CF1458 /* MusicAppUITests.xctest */;
			productType = "com.apple.product-type.bundle.ui-testing";
		};
/* End PBXNativeTarget section */

/* Begin PBXProject section */
		DB42B569242716AF00CF1458 /* Project object */ = {
			isa = PBXProject;
			attributes = {
				LastSwiftUpdateCheck = 1130;
				LastUpgradeCheck = 1130;
				ORGANIZATIONNAME = SangNX;
				TargetAttributes = {
					DB42B570242716AF00CF1458 = {
						CreatedOnToolsVersion = 11.3;
					};
					DB42B586242716B100CF1458 = {
						CreatedOnToolsVersion = 11.3;
						TestTargetID = DB42B570242716AF00CF1458;
					};
					DB42B591242716B100CF1458 = {
						CreatedOnToolsVersion = 11.3;
						TestTargetID = DB42B570242716AF00CF1458;
					};
				};
			};
			buildConfigurationList = DB42B56C242716AF00CF1458 /* Build configuration list for PBXProject "MusicApp" */;
			compatibilityVersion = "Xcode 9.3";
			developmentRegion = en;
			hasScannedForEncodings = 0;
			knownRegions = (
				en,
				Base,
				vi,
			);
			mainGroup = DB42B568242716AF00CF1458;
			productRefGroup = DB42B572242716AF00CF1458 /* Products */;
			projectDirPath = "";
			projectRoot = "";
			targets = (
				DB42B570242716AF00CF1458 /* MusicApp */,
				DB42B586242716B100CF1458 /* MusicAppTests */,
				DB42B591242716B100CF1458 /* MusicAppUITests */,
			);
		};
/* End PBXProject section */

/* Begin PBXResourcesBuildPhase section */
		DB42B56F242716AF00CF1458 /* Resources */ = {
			isa = PBXResourcesBuildPhase;
			buildActionMask = 2147483647;
			files = (
				848212CB2430849D0077AC45 /* MoreCell.xib in Resources */,
				84E788CF242D900700D7817D /* HeaderView.xib in Resources */,
				84E788C0242C6CAA00D7817D /* AlbumCell.xib in Resources */,
				848212D224308AF30077AC45 /* Language.json in Resources */,
				25A0B3882435BFAF0077608C /* GradientCell.xib in Resources */,
				848212D024308A5A0077AC45 /* SettingViewController.xib in Resources */,
				848212B524305A5E0077AC45 /* HomeViewController.xib in Resources */,
				848212BD24305D390077AC45 /* Localizable.strings in Resources */,
				848212C52430825F0077AC45 /* Region.json in Resources */,
				84E788BB242C584100D7817D /* AlbumView.xib in Resources */,
				84E5BEEF24273141004F74FF /* MoreViewController.xib in Resources */,
				84FF00A5242A148200463A88 /* PlayMusicBar.xib in Resources */,
				DB42B581242716B100CF1458 /* LaunchScreen.storyboard in Resources */,
				84FF007C2429A46000463A88 /* SearchViewController.xib in Resources */,
				848212DA243094A80077AC45 /* SettingCell.xib in Resources */,
				DB42B57E242716B100CF1458 /* Assets.xcassets in Resources */,
				25A0B3832435BDC90077608C /* BackGroundViewController.xib in Resources */,
				84FF00A02429F7A300463A88 /* PlaylistViewController.xib in Resources */,
				84E5BEF524275D76004F74FF /* TrendingTbvCell.xib in Resources */,
				84E788C9242CA3D100D7817D /* SearchCell.xib in Resources */,
				84FF00852429E46600463A88 /* TrendingView.xib in Resources */,
			);
			runOnlyForDeploymentPostprocessing = 0;
		};
		DB42B585242716B100CF1458 /* Resources */ = {
			isa = PBXResourcesBuildPhase;
			buildActionMask = 2147483647;
			files = (
			);
			runOnlyForDeploymentPostprocessing = 0;
		};
		DB42B590242716B100CF1458 /* Resources */ = {
			isa = PBXResourcesBuildPhase;
			buildActionMask = 2147483647;
			files = (
			);
			runOnlyForDeploymentPostprocessing = 0;
		};
/* End PBXResourcesBuildPhase section */

/* Begin PBXShellScriptBuildPhase section */
		34AC20EFAE2E99910BBEA998 /* [CP] Copy Pods Resources */ = {
			isa = PBXShellScriptBuildPhase;
			buildActionMask = 2147483647;
			files = (
			);
			inputFileListPaths = (
				"${PODS_ROOT}/Target Support Files/Pods-MusicApp/Pods-MusicApp-resources-${CONFIGURATION}-input-files.xcfilelist",
			);
			name = "[CP] Copy Pods Resources";
			outputFileListPaths = (
				"${PODS_ROOT}/Target Support Files/Pods-MusicApp/Pods-MusicApp-resources-${CONFIGURATION}-output-files.xcfilelist",
			);
			runOnlyForDeploymentPostprocessing = 0;
			shellPath = /bin/sh;
			shellScript = "\"${PODS_ROOT}/Target Support Files/Pods-MusicApp/Pods-MusicApp-resources.sh\"\n";
			showEnvVarsInLog = 0;
		};
		8520DD51784BB138BC2F3F5A /* [CP] Check Pods Manifest.lock */ = {
			isa = PBXShellScriptBuildPhase;
			buildActionMask = 2147483647;
			files = (
			);
			inputFileListPaths = (
			);
			inputPaths = (
				"${PODS_PODFILE_DIR_PATH}/Podfile.lock",
				"${PODS_ROOT}/Manifest.lock",
			);
			name = "[CP] Check Pods Manifest.lock";
			outputFileListPaths = (
			);
			outputPaths = (
				"$(DERIVED_FILE_DIR)/Pods-MusicApp-checkManifestLockResult.txt",
			);
			runOnlyForDeploymentPostprocessing = 0;
			shellPath = /bin/sh;
			shellScript = "diff \"${PODS_PODFILE_DIR_PATH}/Podfile.lock\" \"${PODS_ROOT}/Manifest.lock\" > /dev/null\nif [ $? != 0 ] ; then\n    # print error to STDERR\n    echo \"error: The sandbox is not in sync with the Podfile.lock. Run 'pod install' or update your CocoaPods installation.\" >&2\n    exit 1\nfi\n# This output is used by Xcode 'outputs' to avoid re-running this script phase.\necho \"SUCCESS\" > \"${SCRIPT_OUTPUT_FILE_0}\"\n";
			showEnvVarsInLog = 0;
		};
		A9A87F1F9D3366BEEABCB7FE /* [CP] Check Pods Manifest.lock */ = {
			isa = PBXShellScriptBuildPhase;
			buildActionMask = 2147483647;
			files = (
			);
			inputFileListPaths = (
			);
			inputPaths = (
				"${PODS_PODFILE_DIR_PATH}/Podfile.lock",
				"${PODS_ROOT}/Manifest.lock",
			);
			name = "[CP] Check Pods Manifest.lock";
			outputFileListPaths = (
			);
			outputPaths = (
				"$(DERIVED_FILE_DIR)/Pods-MusicAppTests-checkManifestLockResult.txt",
			);
			runOnlyForDeploymentPostprocessing = 0;
			shellPath = /bin/sh;
			shellScript = "diff \"${PODS_PODFILE_DIR_PATH}/Podfile.lock\" \"${PODS_ROOT}/Manifest.lock\" > /dev/null\nif [ $? != 0 ] ; then\n    # print error to STDERR\n    echo \"error: The sandbox is not in sync with the Podfile.lock. Run 'pod install' or update your CocoaPods installation.\" >&2\n    exit 1\nfi\n# This output is used by Xcode 'outputs' to avoid re-running this script phase.\necho \"SUCCESS\" > \"${SCRIPT_OUTPUT_FILE_0}\"\n";
			showEnvVarsInLog = 0;
		};
		DC27D5C1E1A65EA098550826 /* [CP] Copy Pods Resources */ = {
			isa = PBXShellScriptBuildPhase;
			buildActionMask = 2147483647;
			files = (
			);
			inputFileListPaths = (
				"${PODS_ROOT}/Target Support Files/Pods-MusicApp-MusicAppUITests/Pods-MusicApp-MusicAppUITests-resources-${CONFIGURATION}-input-files.xcfilelist",
			);
			name = "[CP] Copy Pods Resources";
			outputFileListPaths = (
				"${PODS_ROOT}/Target Support Files/Pods-MusicApp-MusicAppUITests/Pods-MusicApp-MusicAppUITests-resources-${CONFIGURATION}-output-files.xcfilelist",
			);
			runOnlyForDeploymentPostprocessing = 0;
			shellPath = /bin/sh;
			shellScript = "\"${PODS_ROOT}/Target Support Files/Pods-MusicApp-MusicAppUITests/Pods-MusicApp-MusicAppUITests-resources.sh\"\n";
			showEnvVarsInLog = 0;
		};
		F93E694F37E78CC32C0B6C20 /* [CP] Check Pods Manifest.lock */ = {
			isa = PBXShellScriptBuildPhase;
			buildActionMask = 2147483647;
			files = (
			);
			inputFileListPaths = (
			);
			inputPaths = (
				"${PODS_PODFILE_DIR_PATH}/Podfile.lock",
				"${PODS_ROOT}/Manifest.lock",
			);
			name = "[CP] Check Pods Manifest.lock";
			outputFileListPaths = (
			);
			outputPaths = (
				"$(DERIVED_FILE_DIR)/Pods-MusicApp-MusicAppUITests-checkManifestLockResult.txt",
			);
			runOnlyForDeploymentPostprocessing = 0;
			shellPath = /bin/sh;
			shellScript = "diff \"${PODS_PODFILE_DIR_PATH}/Podfile.lock\" \"${PODS_ROOT}/Manifest.lock\" > /dev/null\nif [ $? != 0 ] ; then\n    # print error to STDERR\n    echo \"error: The sandbox is not in sync with the Podfile.lock. Run 'pod install' or update your CocoaPods installation.\" >&2\n    exit 1\nfi\n# This output is used by Xcode 'outputs' to avoid re-running this script phase.\necho \"SUCCESS\" > \"${SCRIPT_OUTPUT_FILE_0}\"\n";
			showEnvVarsInLog = 0;
		};
/* End PBXShellScriptBuildPhase section */

/* Begin PBXSourcesBuildPhase section */
		DB42B56D242716AF00CF1458 /* Sources */ = {
			isa = PBXSourcesBuildPhase;
			buildActionMask = 2147483647;
			files = (
				848212CA2430849D0077AC45 /* MoreCell.swift in Sources */,
				84FF006624299BB400463A88 /* EndpointType.swift in Sources */,
				84E788C8242CA3D100D7817D /* SearchCell.swift in Sources */,
				84E788C2242C89DD00D7817D /* VideosResponse.swift in Sources */,
				843D4676242F983C007BE44A /* UITableView+Extensions.swift in Sources */,
				848212B324305A5E0077AC45 /* HomeProtocols.swift in Sources */,
				848212B924305BE60077AC45 /* Bundle+Extention.swift in Sources */,
				25A0B3872435BFAF0077608C /* GradientCell.swift in Sources */,
				84E5BEB724272693004F74FF /* BaseTableViewController.swift in Sources */,
				84E5BEB924272693004F74FF /* BaseViewController.swift in Sources */,
				84E5BEEA24273141004F74FF /* MorePresenter.swift in Sources */,
				25A0B3822435BDC90077608C /* BackGroundViewController.swift in Sources */,
				DB42B575242716AF00CF1458 /* AppDelegate.swift in Sources */,
				84E5BEAF242725D7004F74FF /* AppConstant.swift in Sources */,
				84E5BEED24273141004F74FF /* MoreProtocols.swift in Sources */,
				84E788CD242D8FFA00D7817D /* HeaderView.swift in Sources */,
				84E5BEEB24273141004F74FF /* MoreRouter.swift in Sources */,
				84FF009E2429F7A300463A88 /* PlaylistProtocols.swift in Sources */,
				84E5BEB224272632004F74FF /* UseDefaultHelper.swift in Sources */,
				848212D9243094A80077AC45 /* SettingCell.swift in Sources */,
				84E5BEB824272693004F74FF /* BaseViewXib.swift in Sources */,
				84FF00872429F15100463A88 /* BaseTableViewCell.swift in Sources */,
				84E5BED5242730A0004F74FF /* MainTabbar.swift in Sources */,
				84FF009B2429F7A300463A88 /* PlaylistPresenter.swift in Sources */,
				84E788BF242C6CAA00D7817D /* AlbumCell.swift in Sources */,
				848212B224305A5E0077AC45 /* HomeViewController.swift in Sources */,
				84FF00A3242A147500463A88 /* PlayMusicBar.swift in Sources */,
				84E5BEF424275D76004F74FF /* TrendingTbvCell.swift in Sources */,
				84E5BEEC24273141004F74FF /* MoreViewController.swift in Sources */,
				84E788BA242C584100D7817D /* AlbumView.swift in Sources */,
				25A0B38A2435C1AA0077608C /* UICollectionView + Extension.swift in Sources */,
				848212C224305D7A0077AC45 /* LocalizableKey.swift in Sources */,
				848212DC2430A3110077AC45 /* JsonHelper.swift in Sources */,
				84FF006D24299E9300463A88 /* YoutubeEndpoint.swift in Sources */,
				84FF006924299D7E00463A88 /* Provider.swift in Sources */,
				84FF00772429A46000463A88 /* SearchPresenter.swift in Sources */,
				84E788C4242C89EC00D7817D /* SearchResponse.swift in Sources */,
				84FF007A2429A46000463A88 /* SearchProtocols.swift in Sources */,
				848212B024305A5E0077AC45 /* HomePresenter.swift in Sources */,
				843D4674242F981D007BE44A /* String+Extensions.swift in Sources */,
				848212CF24308A5A0077AC45 /* SettingViewController.swift in Sources */,
				84FF00842429E46600463A88 /* TrendingView.swift in Sources */,
				848212B724305BB20077AC45 /* LanguageHelper.swift in Sources */,
				848212B424305A5E0077AC45 /* HomeInteractor.swift in Sources */,
				84FF009D2429F7A300463A88 /* PlaylistViewController.swift in Sources */,
				843D4672242F97EF007BE44A /* UIView+Extensions.swift in Sources */,
				84FF00702429A11400463A88 /* Snippet.swift in Sources */,
				84FF00782429A46000463A88 /* SearchRouter.swift in Sources */,
				84FF009F2429F7A300463A88 /* PlaylistInteractor.swift in Sources */,
				84FF007B2429A46000463A88 /* SearchInteractor.swift in Sources */,
				848212B124305A5E0077AC45 /* HomeRouter.swift in Sources */,
				84FF006224299AE000463A88 /* NetworkRequest.swift in Sources */,
				84E5BEEE24273141004F74FF /* MoreInteractor.swift in Sources */,
				84FF009C2429F7A300463A88 /* PlaylistRouter.swift in Sources */,
				84FF00792429A46000463A88 /* SearchViewController.swift in Sources */,
			);
			runOnlyForDeploymentPostprocessing = 0;
		};
		DB42B583242716B100CF1458 /* Sources */ = {
			isa = PBXSourcesBuildPhase;
			buildActionMask = 2147483647;
			files = (
				DB42B58C242716B100CF1458 /* MusicAppTests.swift in Sources */,
			);
			runOnlyForDeploymentPostprocessing = 0;
		};
		DB42B58E242716B100CF1458 /* Sources */ = {
			isa = PBXSourcesBuildPhase;
			buildActionMask = 2147483647;
			files = (
				DB42B597242716B100CF1458 /* MusicAppUITests.swift in Sources */,
			);
			runOnlyForDeploymentPostprocessing = 0;
		};
/* End PBXSourcesBuildPhase section */

/* Begin PBXTargetDependency section */
		DB42B589242716B100CF1458 /* PBXTargetDependency */ = {
			isa = PBXTargetDependency;
			target = DB42B570242716AF00CF1458 /* MusicApp */;
			targetProxy = DB42B588242716B100CF1458 /* PBXContainerItemProxy */;
		};
		DB42B594242716B100CF1458 /* PBXTargetDependency */ = {
			isa = PBXTargetDependency;
			target = DB42B570242716AF00CF1458 /* MusicApp */;
			targetProxy = DB42B593242716B100CF1458 /* PBXContainerItemProxy */;
		};
/* End PBXTargetDependency section */

/* Begin PBXVariantGroup section */
		848212BF24305D390077AC45 /* Localizable.strings */ = {
			isa = PBXVariantGroup;
			children = (
				848212BE24305D390077AC45 /* en */,
				848212C024305D5B0077AC45 /* vi */,
			);
			name = Localizable.strings;
			sourceTree = "<group>";
		};
		DB42B57F242716B100CF1458 /* LaunchScreen.storyboard */ = {
			isa = PBXVariantGroup;
			children = (
				DB42B580242716B100CF1458 /* Base */,
			);
			name = LaunchScreen.storyboard;
			sourceTree = "<group>";
		};
/* End PBXVariantGroup section */

/* Begin XCBuildConfiguration section */
		DB42B599242716B100CF1458 /* Debug */ = {
			isa = XCBuildConfiguration;
			buildSettings = {
				ALWAYS_SEARCH_USER_PATHS = NO;
				CLANG_ANALYZER_LOCALIZABILITY_NONLOCALIZED = YES;
				CLANG_ANALYZER_NONNULL = YES;
				CLANG_ANALYZER_NUMBER_OBJECT_CONVERSION = YES_AGGRESSIVE;
				CLANG_CXX_LANGUAGE_STANDARD = "gnu++14";
				CLANG_CXX_LIBRARY = "libc++";
				CLANG_ENABLE_MODULES = YES;
				CLANG_ENABLE_OBJC_ARC = YES;
				CLANG_ENABLE_OBJC_WEAK = YES;
				CLANG_WARN_BLOCK_CAPTURE_AUTORELEASING = YES;
				CLANG_WARN_BOOL_CONVERSION = YES;
				CLANG_WARN_COMMA = YES;
				CLANG_WARN_CONSTANT_CONVERSION = YES;
				CLANG_WARN_DEPRECATED_OBJC_IMPLEMENTATIONS = YES;
				CLANG_WARN_DIRECT_OBJC_ISA_USAGE = YES_ERROR;
				CLANG_WARN_DOCUMENTATION_COMMENTS = YES;
				CLANG_WARN_EMPTY_BODY = YES;
				CLANG_WARN_ENUM_CONVERSION = YES;
				CLANG_WARN_INFINITE_RECURSION = YES;
				CLANG_WARN_INT_CONVERSION = YES;
				CLANG_WARN_NON_LITERAL_NULL_CONVERSION = YES;
				CLANG_WARN_OBJC_IMPLICIT_RETAIN_SELF = YES;
				CLANG_WARN_OBJC_LITERAL_CONVERSION = YES;
				CLANG_WARN_OBJC_ROOT_CLASS = YES_ERROR;
				CLANG_WARN_RANGE_LOOP_ANALYSIS = YES;
				CLANG_WARN_STRICT_PROTOTYPES = YES;
				CLANG_WARN_SUSPICIOUS_MOVE = YES;
				CLANG_WARN_UNGUARDED_AVAILABILITY = YES_AGGRESSIVE;
				CLANG_WARN_UNREACHABLE_CODE = YES;
				CLANG_WARN__DUPLICATE_METHOD_MATCH = YES;
				COPY_PHASE_STRIP = NO;
				DEBUG_INFORMATION_FORMAT = dwarf;
				ENABLE_STRICT_OBJC_MSGSEND = YES;
				ENABLE_TESTABILITY = YES;
				GCC_C_LANGUAGE_STANDARD = gnu11;
				GCC_DYNAMIC_NO_PIC = NO;
				GCC_NO_COMMON_BLOCKS = YES;
				GCC_OPTIMIZATION_LEVEL = 0;
				GCC_PREPROCESSOR_DEFINITIONS = (
					"DEBUG=1",
					"$(inherited)",
				);
				GCC_WARN_64_TO_32_BIT_CONVERSION = YES;
				GCC_WARN_ABOUT_RETURN_TYPE = YES_ERROR;
				GCC_WARN_UNDECLARED_SELECTOR = YES;
				GCC_WARN_UNINITIALIZED_AUTOS = YES_AGGRESSIVE;
				GCC_WARN_UNUSED_FUNCTION = YES;
				GCC_WARN_UNUSED_VARIABLE = YES;
				IPHONEOS_DEPLOYMENT_TARGET = 12.4;
				MTL_ENABLE_DEBUG_INFO = INCLUDE_SOURCE;
				MTL_FAST_MATH = YES;
				ONLY_ACTIVE_ARCH = YES;
				SDKROOT = iphoneos;
				SWIFT_ACTIVE_COMPILATION_CONDITIONS = DEBUG;
				SWIFT_OPTIMIZATION_LEVEL = "-Onone";
			};
			name = Debug;
		};
		DB42B59A242716B100CF1458 /* Release */ = {
			isa = XCBuildConfiguration;
			buildSettings = {
				ALWAYS_SEARCH_USER_PATHS = NO;
				CLANG_ANALYZER_LOCALIZABILITY_NONLOCALIZED = YES;
				CLANG_ANALYZER_NONNULL = YES;
				CLANG_ANALYZER_NUMBER_OBJECT_CONVERSION = YES_AGGRESSIVE;
				CLANG_CXX_LANGUAGE_STANDARD = "gnu++14";
				CLANG_CXX_LIBRARY = "libc++";
				CLANG_ENABLE_MODULES = YES;
				CLANG_ENABLE_OBJC_ARC = YES;
				CLANG_ENABLE_OBJC_WEAK = YES;
				CLANG_WARN_BLOCK_CAPTURE_AUTORELEASING = YES;
				CLANG_WARN_BOOL_CONVERSION = YES;
				CLANG_WARN_COMMA = YES;
				CLANG_WARN_CONSTANT_CONVERSION = YES;
				CLANG_WARN_DEPRECATED_OBJC_IMPLEMENTATIONS = YES;
				CLANG_WARN_DIRECT_OBJC_ISA_USAGE = YES_ERROR;
				CLANG_WARN_DOCUMENTATION_COMMENTS = YES;
				CLANG_WARN_EMPTY_BODY = YES;
				CLANG_WARN_ENUM_CONVERSION = YES;
				CLANG_WARN_INFINITE_RECURSION = YES;
				CLANG_WARN_INT_CONVERSION = YES;
				CLANG_WARN_NON_LITERAL_NULL_CONVERSION = YES;
				CLANG_WARN_OBJC_IMPLICIT_RETAIN_SELF = YES;
				CLANG_WARN_OBJC_LITERAL_CONVERSION = YES;
				CLANG_WARN_OBJC_ROOT_CLASS = YES_ERROR;
				CLANG_WARN_RANGE_LOOP_ANALYSIS = YES;
				CLANG_WARN_STRICT_PROTOTYPES = YES;
				CLANG_WARN_SUSPICIOUS_MOVE = YES;
				CLANG_WARN_UNGUARDED_AVAILABILITY = YES_AGGRESSIVE;
				CLANG_WARN_UNREACHABLE_CODE = YES;
				CLANG_WARN__DUPLICATE_METHOD_MATCH = YES;
				COPY_PHASE_STRIP = NO;
				DEBUG_INFORMATION_FORMAT = "dwarf-with-dsym";
				ENABLE_NS_ASSERTIONS = NO;
				ENABLE_STRICT_OBJC_MSGSEND = YES;
				GCC_C_LANGUAGE_STANDARD = gnu11;
				GCC_NO_COMMON_BLOCKS = YES;
				GCC_WARN_64_TO_32_BIT_CONVERSION = YES;
				GCC_WARN_ABOUT_RETURN_TYPE = YES_ERROR;
				GCC_WARN_UNDECLARED_SELECTOR = YES;
				GCC_WARN_UNINITIALIZED_AUTOS = YES_AGGRESSIVE;
				GCC_WARN_UNUSED_FUNCTION = YES;
				GCC_WARN_UNUSED_VARIABLE = YES;
				IPHONEOS_DEPLOYMENT_TARGET = 12.4;
				MTL_ENABLE_DEBUG_INFO = NO;
				MTL_FAST_MATH = YES;
				SDKROOT = iphoneos;
				SWIFT_COMPILATION_MODE = wholemodule;
				SWIFT_OPTIMIZATION_LEVEL = "-O";
				VALIDATE_PRODUCT = YES;
			};
			name = Release;
		};
		DB42B59C242716B100CF1458 /* Debug */ = {
			isa = XCBuildConfiguration;
			baseConfigurationReference = 52485B2F3F1EF012B7B76B2B /* Pods-MusicApp.debug.xcconfig */;
			buildSettings = {
				ASSETCATALOG_COMPILER_APPICON_NAME = AppIcon;
				CODE_SIGN_STYLE = Automatic;
				DEVELOPMENT_TEAM = SRSNPE33B8;
				INFOPLIST_FILE = MusicApp/Info.plist;
				IPHONEOS_DEPLOYMENT_TARGET = 12.4;
				LD_RUNPATH_SEARCH_PATHS = (
					"$(inherited)",
					"@executable_path/Frameworks",
				);
				MACH_O_TYPE = mh_execute;
				PRODUCT_BUNDLE_IDENTIFIER = SangNX.MusicA;
				PRODUCT_NAME = "$(TARGET_NAME)";
				SWIFT_VERSION = 5.0;
				TARGETED_DEVICE_FAMILY = "1,2";
			};
			name = Debug;
		};
		DB42B59D242716B100CF1458 /* Release */ = {
			isa = XCBuildConfiguration;
			baseConfigurationReference = 2A754C4A087DFA220FE797CB /* Pods-MusicApp.release.xcconfig */;
			buildSettings = {
				ASSETCATALOG_COMPILER_APPICON_NAME = AppIcon;
				CODE_SIGN_STYLE = Automatic;
				DEVELOPMENT_TEAM = SRSNPE33B8;
				INFOPLIST_FILE = MusicApp/Info.plist;
				IPHONEOS_DEPLOYMENT_TARGET = 12.4;
				LD_RUNPATH_SEARCH_PATHS = (
					"$(inherited)",
					"@executable_path/Frameworks",
				);
				MACH_O_TYPE = mh_execute;
				PRODUCT_BUNDLE_IDENTIFIER = SangNX.MusicA;
				PRODUCT_NAME = "$(TARGET_NAME)";
				SWIFT_VERSION = 5.0;
				TARGETED_DEVICE_FAMILY = "1,2";
			};
			name = Release;
		};
		DB42B59F242716B100CF1458 /* Debug */ = {
			isa = XCBuildConfiguration;
			baseConfigurationReference = 3003398453C74BCE5B9C7C99 /* Pods-MusicAppTests.debug.xcconfig */;
			buildSettings = {
				ALWAYS_EMBED_SWIFT_STANDARD_LIBRARIES = YES;
				BUNDLE_LOADER = "$(TEST_HOST)";
				CODE_SIGN_STYLE = Automatic;
				DEVELOPMENT_TEAM = SRSNPE33B8;
				INFOPLIST_FILE = MusicAppTests/Info.plist;
				IPHONEOS_DEPLOYMENT_TARGET = 13.2;
				LD_RUNPATH_SEARCH_PATHS = (
					"$(inherited)",
					"@executable_path/Frameworks",
					"@loader_path/Frameworks",
				);
				PRODUCT_BUNDLE_IDENTIFIER = SangNX.MusicAppTests;
				PRODUCT_NAME = "$(TARGET_NAME)";
				SWIFT_VERSION = 5.0;
				TARGETED_DEVICE_FAMILY = "1,2";
				TEST_HOST = "$(BUILT_PRODUCTS_DIR)/MusicApp.app/MusicApp";
			};
			name = Debug;
		};
		DB42B5A0242716B100CF1458 /* Release */ = {
			isa = XCBuildConfiguration;
			baseConfigurationReference = 3EB03189C44DC2D04E47E90C /* Pods-MusicAppTests.release.xcconfig */;
			buildSettings = {
				ALWAYS_EMBED_SWIFT_STANDARD_LIBRARIES = YES;
				BUNDLE_LOADER = "$(TEST_HOST)";
				CODE_SIGN_STYLE = Automatic;
				DEVELOPMENT_TEAM = SRSNPE33B8;
				INFOPLIST_FILE = MusicAppTests/Info.plist;
				IPHONEOS_DEPLOYMENT_TARGET = 13.2;
				LD_RUNPATH_SEARCH_PATHS = (
					"$(inherited)",
					"@executable_path/Frameworks",
					"@loader_path/Frameworks",
				);
				PRODUCT_BUNDLE_IDENTIFIER = SangNX.MusicAppTests;
				PRODUCT_NAME = "$(TARGET_NAME)";
				SWIFT_VERSION = 5.0;
				TARGETED_DEVICE_FAMILY = "1,2";
				TEST_HOST = "$(BUILT_PRODUCTS_DIR)/MusicApp.app/MusicApp";
			};
			name = Release;
		};
		DB42B5A2242716B100CF1458 /* Debug */ = {
			isa = XCBuildConfiguration;
			baseConfigurationReference = 7F8A355B7383DD147371BAAB /* Pods-MusicApp-MusicAppUITests.debug.xcconfig */;
			buildSettings = {
				ALWAYS_EMBED_SWIFT_STANDARD_LIBRARIES = YES;
				CODE_SIGN_STYLE = Automatic;
				DEVELOPMENT_TEAM = SRSNPE33B8;
				INFOPLIST_FILE = MusicAppUITests/Info.plist;
				LD_RUNPATH_SEARCH_PATHS = (
					"$(inherited)",
					"@executable_path/Frameworks",
					"@loader_path/Frameworks",
				);
				PRODUCT_BUNDLE_IDENTIFIER = SangNX.MusicAppUITests;
				PRODUCT_NAME = "$(TARGET_NAME)";
				SWIFT_VERSION = 5.0;
				TARGETED_DEVICE_FAMILY = "1,2";
				TEST_TARGET_NAME = MusicApp;
			};
			name = Debug;
		};
		DB42B5A3242716B100CF1458 /* Release */ = {
			isa = XCBuildConfiguration;
			baseConfigurationReference = D4333235D8BC4AFE48A5D099 /* Pods-MusicApp-MusicAppUITests.release.xcconfig */;
			buildSettings = {
				ALWAYS_EMBED_SWIFT_STANDARD_LIBRARIES = YES;
				CODE_SIGN_STYLE = Automatic;
				DEVELOPMENT_TEAM = SRSNPE33B8;
				INFOPLIST_FILE = MusicAppUITests/Info.plist;
				LD_RUNPATH_SEARCH_PATHS = (
					"$(inherited)",
					"@executable_path/Frameworks",
					"@loader_path/Frameworks",
				);
				PRODUCT_BUNDLE_IDENTIFIER = SangNX.MusicAppUITests;
				PRODUCT_NAME = "$(TARGET_NAME)";
				SWIFT_VERSION = 5.0;
				TARGETED_DEVICE_FAMILY = "1,2";
				TEST_TARGET_NAME = MusicApp;
			};
			name = Release;
		};
/* End XCBuildConfiguration section */

/* Begin XCConfigurationList section */
		DB42B56C242716AF00CF1458 /* Build configuration list for PBXProject "MusicApp" */ = {
			isa = XCConfigurationList;
			buildConfigurations = (
				DB42B599242716B100CF1458 /* Debug */,
				DB42B59A242716B100CF1458 /* Release */,
			);
			defaultConfigurationIsVisible = 0;
			defaultConfigurationName = Release;
		};
		DB42B59B242716B100CF1458 /* Build configuration list for PBXNativeTarget "MusicApp" */ = {
			isa = XCConfigurationList;
			buildConfigurations = (
				DB42B59C242716B100CF1458 /* Debug */,
				DB42B59D242716B100CF1458 /* Release */,
			);
			defaultConfigurationIsVisible = 0;
			defaultConfigurationName = Release;
		};
		DB42B59E242716B100CF1458 /* Build configuration list for PBXNativeTarget "MusicAppTests" */ = {
			isa = XCConfigurationList;
			buildConfigurations = (
				DB42B59F242716B100CF1458 /* Debug */,
				DB42B5A0242716B100CF1458 /* Release */,
			);
			defaultConfigurationIsVisible = 0;
			defaultConfigurationName = Release;
		};
		DB42B5A1242716B100CF1458 /* Build configuration list for PBXNativeTarget "MusicAppUITests" */ = {
			isa = XCConfigurationList;
			buildConfigurations = (
				DB42B5A2242716B100CF1458 /* Debug */,
				DB42B5A3242716B100CF1458 /* Release */,
			);
			defaultConfigurationIsVisible = 0;
			defaultConfigurationName = Release;
		};
/* End XCConfigurationList section */
	};
	rootObject = DB42B569242716AF00CF1458 /* Project object */;
}
